
Microsoft Visual Studio Solution File, Format Version 12.00
# Visual Studio Version 16
VisualStudioVersion = 16.0.31129.286
MinimumVisualStudioVersion = 10.0.40219.1
Project("{FAE04EC0-301F-11D3-BF4B-00C04F79EFBC}") = "CobrancaBBApi", "CobrancaBBApi.csproj", "{01879007-4C61-4BC7-8889-D8CC2ABBB354}"
EndProject
Project("{FAE04EC0-301F-11D3-BF4B-00C04F79EFBC}") = "TesteUnidade", "TesteUnidade\TesteUnidade.csproj", "{17B90A4F-B651-43E7-93EF-A7588E6D46F6}"
EndProject
Global
	GlobalSection(SolutionConfigurationPlatforms) = preSolution
		Debug|Any CPU = Debug|Any CPU
		Release|Any CPU = Release|Any CPU
	EndGlobalSection
	GlobalSection(ProjectConfigurationPlatforms) = postSolution
		{01879007-4C61-4BC7-8889-D8CC2ABBB354}.Debug|Any CPU.ActiveCfg = Debug|Any CPU
		{01879007-4C61-4BC7-8889-D8CC2ABBB354}.Debug|Any CPU.Build.0 = Debug|Any CPU
		{01879007-4C61-4BC7-8889-D8CC2ABBB354}.Release|Any CPU.ActiveCfg = Release|Any CPU
		{01879007-4C61-4BC7-8889-D8CC2ABBB354}.Release|Any CPU.Build.0 = Release|Any CPU
		{17B90A4F-B651-43E7-93EF-A7588E6D46F6}.Debug|Any CPU.ActiveCfg = Debug|Any CPU
		{17B90A4F-B651-43E7-93EF-A7588E6D46F6}.Debug|Any CPU.Build.0 = Debug|Any CPU
		{17B90A4F-B651-43E7-93EF-A7588E6D46F6}.Release|Any CPU.ActiveCfg = Release|Any CPU
		{17B90A4F-B651-43E7-93EF-A7588E6D46F6}.Release|Any CPU.Build.0 = Release|Any CPU
	EndGlobalSection
	GlobalSection(SolutionProperties) = preSolution
		HideSolutionNode = FALSE
	EndGlobalSection
	GlobalSection(ExtensibilityGlobals) = postSolution
		SolutionGuid = {BC779E05-5BC6-40F1-B2AA-307A3876EB79}
	EndGlobalSection
EndGlobal
